
Microsoft Visual Studio Solution File, Format Version 12.00
# Visual Studio 15
VisualStudioVersion = 15.0.27130.2036
MinimumVisualStudioVersion = 10.0.40219.1
Project("{FAE04EC0-301F-11D3-BF4B-00C04F79EFBC}") = "RefactorToParallel.Plugin", "RefactorToParallel.Plugin\RefactorToParallel.Plugin.csproj", "{2AF92DAC-9CA0-41E4-8131-F0C70AA70493}"
EndProject
Project("{FAE04EC0-301F-11D3-BF4B-00C04F79EFBC}") = "RefactorToParallel.Analysis", "RefactorToParallel.Analysis\RefactorToParallel.Analysis.csproj", "{DDAC2C5B-03EC-4B65-99E5-A3869A2C7653}"
EndProject
Project("{FAE04EC0-301F-11D3-BF4B-00C04F79EFBC}") = "RefactorToParallel.Core", "RefactorToParallel.Core\RefactorToParallel.Core.csproj", "{7D98370F-016F-4895-BD59-D95FA1ABA5F4}"
EndProject
Project("{FAE04EC0-301F-11D3-BF4B-00C04F79EFBC}") = "RefactorToParallel.Refactoring", "RefactorToParallel.Refactoring\RefactorToParallel.Refactoring.csproj", "{20C44039-4F15-4CD1-A900-319E354125BD}"
EndProject
Project("{FAE04EC0-301F-11D3-BF4B-00C04F79EFBC}") = "RefactorToParallel.Nuget", "RefactorToParallel.Nuget\RefactorToParallel.Nuget.csproj", "{C7E4FDAA-C9A2-4451-B62C-08057EC05BD4}"
EndProject
Project("{FAE04EC0-301F-11D3-BF4B-00C04F79EFBC}") = "RefactorToParallel.Analysis.Test", "RefactorToParallel.Analysis.Test\RefactorToParallel.Analysis.Test.csproj", "{731588CA-E02D-4408-82E7-617DE9E9EE95}"
EndProject
Project("{FAE04EC0-301F-11D3-BF4B-00C04F79EFBC}") = "RefactorToParallel.Refactoring.Test", "RefactorToParallel.Refactoring.Test\RefactorToParallel.Refactoring.Test.csproj", "{6898EF4E-FF2E-4C38-A2C5-1910391E2087}"
EndProject
Project("{FAE04EC0-301F-11D3-BF4B-00C04F79EFBC}") = "RefactorToParallel.Core.Test", "RefactorToParallel.Core.Test\RefactorToParallel.Core.Test.csproj", "{41AAEBE4-DD2B-457A-992F-999FBA9130C6}"
EndProject
Project("{2150E333-8FDC-42A3-9474-1A3956D46DE8}") = "Test", "Test", "{FD09484D-AC5E-4D53-BCC1-53E8339D5BEE}"
EndProject
Project("{FAE04EC0-301F-11D3-BF4B-00C04F79EFBC}") = "RefactorToParallel.TestUtil", "RefactorToParallel.TestUtil\RefactorToParallel.TestUtil.csproj", "{92CEFB65-EE8C-4F58-9BAD-00AB6CA379FA}"
EndProject
Project("{2150E333-8FDC-42A3-9474-1A3956D46DE8}") = "Evaluation", "Evaluation", "{54716C54-E9CC-4F27-BD59-17BDAFF65CFF}"
EndProject
Project("{FAE04EC0-301F-11D3-BF4B-00C04F79EFBC}") = "RefactorToParallel.Evaluation.ByFor", "RefactorToParallel.Evaluation.ByFor\RefactorToParallel.Evaluation.ByFor.csproj", "{9EE616AA-FD60-4472-AE06-8FA772CFBD5D}"
EndProject
Project("{FAE04EC0-301F-11D3-BF4B-00C04F79EFBC}") = "RefactorToParallel.Evaluation.Common", "RefactorToParallel.Evaluation.Common\RefactorToParallel.Evaluation.Common.csproj", "{382B59D3-2B41-48A5-962D-BE828D3DFF8F}"
EndProject
Project("{FAE04EC0-301F-11D3-BF4B-00C04F79EFBC}") = "RefactorToParallel.Evaluation.ByParallelFor", "RefactorToParallel.Evaluation.ByParallelFor\RefactorToParallel.Evaluation.ByParallelFor.csproj", "{BE8C91B0-4DC5-4FEB-A745-AD66484E44C2}"
EndProject
Global
	GlobalSection(SolutionConfigurationPlatforms) = preSolution
		Debug|Any CPU = Debug|Any CPU
		Debug|x64 = Debug|x64
		Debug|x86 = Debug|x86
		Release|Any CPU = Release|Any CPU
		Release|x64 = Release|x64
		Release|x86 = Release|x86
	EndGlobalSection
	GlobalSection(ProjectConfigurationPlatforms) = postSolution
		{2AF92DAC-9CA0-41E4-8131-F0C70AA70493}.Debug|Any CPU.ActiveCfg = Debug|Any CPU
		{2AF92DAC-9CA0-41E4-8131-F0C70AA70493}.Debug|Any CPU.Build.0 = Debug|Any CPU
		{2AF92DAC-9CA0-41E4-8131-F0C70AA70493}.Debug|x64.ActiveCfg = Debug|Any CPU
		{2AF92DAC-9CA0-41E4-8131-F0C70AA70493}.Debug|x64.Build.0 = Debug|Any CPU
		{2AF92DAC-9CA0-41E4-8131-F0C70AA70493}.Debug|x86.ActiveCfg = Debug|Any CPU
		{2AF92DAC-9CA0-41E4-8131-F0C70AA70493}.Debug|x86.Build.0 = Debug|Any CPU
		{2AF92DAC-9CA0-41E4-8131-F0C70AA70493}.Release|Any CPU.ActiveCfg = Release|Any CPU
		{2AF92DAC-9CA0-41E4-8131-F0C70AA70493}.Release|Any CPU.Build.0 = Release|Any CPU
		{2AF92DAC-9CA0-41E4-8131-F0C70AA70493}.Release|x64.ActiveCfg = Release|Any CPU
		{2AF92DAC-9CA0-41E4-8131-F0C70AA70493}.Release|x64.Build.0 = Release|Any CPU
		{2AF92DAC-9CA0-41E4-8131-F0C70AA70493}.Release|x86.ActiveCfg = Release|Any CPU
		{2AF92DAC-9CA0-41E4-8131-F0C70AA70493}.Release|x86.Build.0 = Release|Any CPU
		{DDAC2C5B-03EC-4B65-99E5-A3869A2C7653}.Debug|Any CPU.ActiveCfg = Debug|Any CPU
		{DDAC2C5B-03EC-4B65-99E5-A3869A2C7653}.Debug|Any CPU.Build.0 = Debug|Any CPU
		{DDAC2C5B-03EC-4B65-99E5-A3869A2C7653}.Debug|x64.ActiveCfg = Debug|Any CPU
		{DDAC2C5B-03EC-4B65-99E5-A3869A2C7653}.Debug|x64.Build.0 = Debug|Any CPU
		{DDAC2C5B-03EC-4B65-99E5-A3869A2C7653}.Debug|x86.ActiveCfg = Debug|Any CPU
		{DDAC2C5B-03EC-4B65-99E5-A3869A2C7653}.Debug|x86.Build.0 = Debug|Any CPU
		{DDAC2C5B-03EC-4B65-99E5-A3869A2C7653}.Release|Any CPU.ActiveCfg = Release|Any CPU
		{DDAC2C5B-03EC-4B65-99E5-A3869A2C7653}.Release|Any CPU.Build.0 = Release|Any CPU
		{DDAC2C5B-03EC-4B65-99E5-A3869A2C7653}.Release|x64.ActiveCfg = Release|Any CPU
		{DDAC2C5B-03EC-4B65-99E5-A3869A2C7653}.Release|x64.Build.0 = Release|Any CPU
		{DDAC2C5B-03EC-4B65-99E5-A3869A2C7653}.Release|x86.ActiveCfg = Release|Any CPU
		{DDAC2C5B-03EC-4B65-99E5-A3869A2C7653}.Release|x86.Build.0 = Release|Any CPU
		{7D98370F-016F-4895-BD59-D95FA1ABA5F4}.Debug|Any CPU.ActiveCfg = Debug|Any CPU
		{7D98370F-016F-4895-BD59-D95FA1ABA5F4}.Debug|Any CPU.Build.0 = Debug|Any CPU
		{7D98370F-016F-4895-BD59-D95FA1ABA5F4}.Debug|x64.ActiveCfg = Debug|Any CPU
		{7D98370F-016F-4895-BD59-D95FA1ABA5F4}.Debug|x64.Build.0 = Debug|Any CPU
		{7D98370F-016F-4895-BD59-D95FA1ABA5F4}.Debug|x86.ActiveCfg = Debug|Any CPU
		{7D98370F-016F-4895-BD59-D95FA1ABA5F4}.Debug|x86.Build.0 = Debug|Any CPU
		{7D98370F-016F-4895-BD59-D95FA1ABA5F4}.Release|Any CPU.ActiveCfg = Release|Any CPU
		{7D98370F-016F-4895-BD59-D95FA1ABA5F4}.Release|Any CPU.Build.0 = Release|Any CPU
		{7D98370F-016F-4895-BD59-D95FA1ABA5F4}.Release|x64.ActiveCfg = Release|Any CPU
		{7D98370F-016F-4895-BD59-D95FA1ABA5F4}.Release|x64.Build.0 = Release|Any CPU
		{7D98370F-016F-4895-BD59-D95FA1ABA5F4}.Release|x86.ActiveCfg = Release|Any CPU
		{7D98370F-016F-4895-BD59-D95FA1ABA5F4}.Release|x86.Build.0 = Release|Any CPU
		{20C44039-4F15-4CD1-A900-319E354125BD}.Debug|Any CPU.ActiveCfg = Debug|Any CPU
		{20C44039-4F15-4CD1-A900-319E354125BD}.Debug|Any CPU.Build.0 = Debug|Any CPU
		{20C44039-4F15-4CD1-A900-319E354125BD}.Debug|x64.ActiveCfg = Debug|Any CPU
		{20C44039-4F15-4CD1-A900-319E354125BD}.Debug|x64.Build.0 = Debug|Any CPU
		{20C44039-4F15-4CD1-A900-319E354125BD}.Debug|x86.ActiveCfg = Debug|Any CPU
		{20C44039-4F15-4CD1-A900-319E354125BD}.Debug|x86.Build.0 = Debug|Any CPU
		{20C44039-4F15-4CD1-A900-319E354125BD}.Release|Any CPU.ActiveCfg = Release|Any CPU
		{20C44039-4F15-4CD1-A900-319E354125BD}.Release|Any CPU.Build.0 = Release|Any CPU
		{20C44039-4F15-4CD1-A900-319E354125BD}.Release|x64.ActiveCfg = Release|Any CPU
		{20C44039-4F15-4CD1-A900-319E354125BD}.Release|x64.Build.0 = Release|Any CPU
		{20C44039-4F15-4CD1-A900-319E354125BD}.Release|x86.ActiveCfg = Release|Any CPU
		{20C44039-4F15-4CD1-A900-319E354125BD}.Release|x86.Build.0 = Release|Any CPU
		{C7E4FDAA-C9A2-4451-B62C-08057EC05BD4}.Debug|Any CPU.ActiveCfg = Debug|Any CPU
		{C7E4FDAA-C9A2-4451-B62C-08057EC05BD4}.Debug|Any CPU.Build.0 = Debug|Any CPU
		{C7E4FDAA-C9A2-4451-B62C-08057EC05BD4}.Debug|x64.ActiveCfg = Debug|Any CPU
		{C7E4FDAA-C9A2-4451-B62C-08057EC05BD4}.Debug|x64.Build.0 = Debug|Any CPU
		{C7E4FDAA-C9A2-4451-B62C-08057EC05BD4}.Debug|x86.ActiveCfg = Debug|Any CPU
		{C7E4FDAA-C9A2-4451-B62C-08057EC05BD4}.Debug|x86.Build.0 = Debug|Any CPU
		{C7E4FDAA-C9A2-4451-B62C-08057EC05BD4}.Release|Any CPU.ActiveCfg = Release|Any CPU
		{C7E4FDAA-C9A2-4451-B62C-08057EC05BD4}.Release|Any CPU.Build.0 = Release|Any CPU
		{C7E4FDAA-C9A2-4451-B62C-08057EC05BD4}.Release|x64.ActiveCfg = Release|Any CPU
		{C7E4FDAA-C9A2-4451-B62C-08057EC05BD4}.Release|x64.Build.0 = Release|Any CPU
		{C7E4FDAA-C9A2-4451-B62C-08057EC05BD4}.Release|x86.ActiveCfg = Release|Any CPU
		{C7E4FDAA-C9A2-4451-B62C-08057EC05BD4}.Release|x86.Build.0 = Release|Any CPU
		{731588CA-E02D-4408-82E7-617DE9E9EE95}.Debug|Any CPU.ActiveCfg = Debug|Any CPU
		{731588CA-E02D-4408-82E7-617DE9E9EE95}.Debug|Any CPU.Build.0 = Debug|Any CPU
		{731588CA-E02D-4408-82E7-617DE9E9EE95}.Debug|x64.ActiveCfg = Debug|Any CPU
		{731588CA-E02D-4408-82E7-617DE9E9EE95}.Debug|x64.Build.0 = Debug|Any CPU
		{731588CA-E02D-4408-82E7-617DE9E9EE95}.Debug|x86.ActiveCfg = Debug|Any CPU
		{731588CA-E02D-4408-82E7-617DE9E9EE95}.Debug|x86.Build.0 = Debug|Any CPU
		{731588CA-E02D-4408-82E7-617DE9E9EE95}.Release|Any CPU.ActiveCfg = Release|Any CPU
		{731588CA-E02D-4408-82E7-617DE9E9EE95}.Release|Any CPU.Build.0 = Release|Any CPU
		{731588CA-E02D-4408-82E7-617DE9E9EE95}.Release|x64.ActiveCfg = Release|Any CPU
		{731588CA-E02D-4408-82E7-617DE9E9EE95}.Release|x64.Build.0 = Release|Any CPU
		{731588CA-E02D-4408-82E7-617DE9E9EE95}.Release|x86.ActiveCfg = Release|Any CPU
		{731588CA-E02D-4408-82E7-617DE9E9EE95}.Release|x86.Build.0 = Release|Any CPU
		{6898EF4E-FF2E-4C38-A2C5-1910391E2087}.Debug|Any CPU.ActiveCfg = Debug|Any CPU
		{6898EF4E-FF2E-4C38-A2C5-1910391E2087}.Debug|Any CPU.Build.0 = Debug|Any CPU
		{6898EF4E-FF2E-4C38-A2C5-1910391E2087}.Debug|x64.ActiveCfg = Debug|Any CPU
		{6898EF4E-FF2E-4C38-A2C5-1910391E2087}.Debug|x64.Build.0 = Debug|Any CPU
		{6898EF4E-FF2E-4C38-A2C5-1910391E2087}.Debug|x86.ActiveCfg = Debug|Any CPU
		{6898EF4E-FF2E-4C38-A2C5-1910391E2087}.Debug|x86.Build.0 = Debug|Any CPU
		{6898EF4E-FF2E-4C38-A2C5-1910391E2087}.Release|Any CPU.ActiveCfg = Release|Any CPU
		{6898EF4E-FF2E-4C38-A2C5-1910391E2087}.Release|Any CPU.Build.0 = Release|Any CPU
		{6898EF4E-FF2E-4C38-A2C5-1910391E2087}.Release|x64.ActiveCfg = Release|Any CPU
		{6898EF4E-FF2E-4C38-A2C5-1910391E2087}.Release|x64.Build.0 = Release|Any CPU
		{6898EF4E-FF2E-4C38-A2C5-1910391E2087}.Release|x86.ActiveCfg = Release|Any CPU
		{6898EF4E-FF2E-4C38-A2C5-1910391E2087}.Release|x86.Build.0 = Release|Any CPU
		{41AAEBE4-DD2B-457A-992F-999FBA9130C6}.Debug|Any CPU.ActiveCfg = Debug|Any CPU
		{41AAEBE4-DD2B-457A-992F-999FBA9130C6}.Debug|Any CPU.Build.0 = Debug|Any CPU
		{41AAEBE4-DD2B-457A-992F-999FBA9130C6}.Debug|x64.ActiveCfg = Debug|Any CPU
		{41AAEBE4-DD2B-457A-992F-999FBA9130C6}.Debug|x64.Build.0 = Debug|Any CPU
		{41AAEBE4-DD2B-457A-992F-999FBA9130C6}.Debug|x86.ActiveCfg = Debug|Any CPU
		{41AAEBE4-DD2B-457A-992F-999FBA9130C6}.Debug|x86.Build.0 = Debug|Any CPU
		{41AAEBE4-DD2B-457A-992F-999FBA9130C6}.Release|Any CPU.ActiveCfg = Release|Any CPU
		{41AAEBE4-DD2B-457A-992F-999FBA9130C6}.Release|Any CPU.Build.0 = Release|Any CPU
		{41AAEBE4-DD2B-457A-992F-999FBA9130C6}.Release|x64.ActiveCfg = Release|Any CPU
		{41AAEBE4-DD2B-457A-992F-999FBA9130C6}.Release|x64.Build.0 = Release|Any CPU
		{41AAEBE4-DD2B-457A-992F-999FBA9130C6}.Release|x86.ActiveCfg = Release|Any CPU
		{41AAEBE4-DD2B-457A-992F-999FBA9130C6}.Release|x86.Build.0 = Release|Any CPU
		{92CEFB65-EE8C-4F58-9BAD-00AB6CA379FA}.Debug|Any CPU.ActiveCfg = Debug|Any CPU
		{92CEFB65-EE8C-4F58-9BAD-00AB6CA379FA}.Debug|Any CPU.Build.0 = Debug|Any CPU
		{92CEFB65-EE8C-4F58-9BAD-00AB6CA379FA}.Debug|x64.ActiveCfg = Debug|Any CPU
		{92CEFB65-EE8C-4F58-9BAD-00AB6CA379FA}.Debug|x64.Build.0 = Debug|Any CPU
		{92CEFB65-EE8C-4F58-9BAD-00AB6CA379FA}.Debug|x86.ActiveCfg = Debug|Any CPU
		{92CEFB65-EE8C-4F58-9BAD-00AB6CA379FA}.Debug|x86.Build.0 = Debug|Any CPU
		{92CEFB65-EE8C-4F58-9BAD-00AB6CA379FA}.Release|Any CPU.ActiveCfg = Release|Any CPU
		{92CEFB65-EE8C-4F58-9BAD-00AB6CA379FA}.Release|Any CPU.Build.0 = Release|Any CPU
		{92CEFB65-EE8C-4F58-9BAD-00AB6CA379FA}.Release|x64.ActiveCfg = Release|Any CPU
		{92CEFB65-EE8C-4F58-9BAD-00AB6CA379FA}.Release|x64.Build.0 = Release|Any CPU
		{92CEFB65-EE8C-4F58-9BAD-00AB6CA379FA}.Release|x86.ActiveCfg = Release|Any CPU
		{92CEFB65-EE8C-4F58-9BAD-00AB6CA379FA}.Release|x86.Build.0 = Release|Any CPU
		{9EE616AA-FD60-4472-AE06-8FA772CFBD5D}.Debug|Any CPU.ActiveCfg = Debug|Any CPU
		{9EE616AA-FD60-4472-AE06-8FA772CFBD5D}.Debug|Any CPU.Build.0 = Debug|Any CPU
		{9EE616AA-FD60-4472-AE06-8FA772CFBD5D}.Debug|x64.ActiveCfg = Debug|Any CPU
		{9EE616AA-FD60-4472-AE06-8FA772CFBD5D}.Debug|x64.Build.0 = Debug|Any CPU
		{9EE616AA-FD60-4472-AE06-8FA772CFBD5D}.Debug|x86.ActiveCfg = Debug|Any CPU
		{9EE616AA-FD60-4472-AE06-8FA772CFBD5D}.Debug|x86.Build.0 = Debug|Any CPU
		{9EE616AA-FD60-4472-AE06-8FA772CFBD5D}.Release|Any CPU.ActiveCfg = Release|Any CPU
		{9EE616AA-FD60-4472-AE06-8FA772CFBD5D}.Release|Any CPU.Build.0 = Release|Any CPU
		{9EE616AA-FD60-4472-AE06-8FA772CFBD5D}.Release|x64.ActiveCfg = Release|Any CPU
		{9EE616AA-FD60-4472-AE06-8FA772CFBD5D}.Release|x64.Build.0 = Release|Any CPU
		{9EE616AA-FD60-4472-AE06-8FA772CFBD5D}.Release|x86.ActiveCfg = Release|Any CPU
		{9EE616AA-FD60-4472-AE06-8FA772CFBD5D}.Release|x86.Build.0 = Release|Any CPU
		{382B59D3-2B41-48A5-962D-BE828D3DFF8F}.Debug|Any CPU.ActiveCfg = Debug|Any CPU
		{382B59D3-2B41-48A5-962D-BE828D3DFF8F}.Debug|Any CPU.Build.0 = Debug|Any CPU
		{382B59D3-2B41-48A5-962D-BE828D3DFF8F}.Debug|x64.ActiveCfg = Debug|Any CPU
		{382B59D3-2B41-48A5-962D-BE828D3DFF8F}.Debug|x64.Build.0 = Debug|Any CPU
		{382B59D3-2B41-48A5-962D-BE828D3DFF8F}.Debug|x86.ActiveCfg = Debug|Any CPU
		{382B59D3-2B41-48A5-962D-BE828D3DFF8F}.Debug|x86.Build.0 = Debug|Any CPU
		{382B59D3-2B41-48A5-962D-BE828D3DFF8F}.Release|Any CPU.ActiveCfg = Release|Any CPU
		{382B59D3-2B41-48A5-962D-BE828D3DFF8F}.Release|Any CPU.Build.0 = Release|Any CPU
		{382B59D3-2B41-48A5-962D-BE828D3DFF8F}.Release|x64.ActiveCfg = Release|Any CPU
		{382B59D3-2B41-48A5-962D-BE828D3DFF8F}.Release|x64.Build.0 = Release|Any CPU
		{382B59D3-2B41-48A5-962D-BE828D3DFF8F}.Release|x86.ActiveCfg = Release|Any CPU
		{382B59D3-2B41-48A5-962D-BE828D3DFF8F}.Release|x86.Build.0 = Release|Any CPU
		{BE8C91B0-4DC5-4FEB-A745-AD66484E44C2}.Debug|Any CPU.ActiveCfg = Debug|Any CPU
		{BE8C91B0-4DC5-4FEB-A745-AD66484E44C2}.Debug|Any CPU.Build.0 = Debug|Any CPU
		{BE8C91B0-4DC5-4FEB-A745-AD66484E44C2}.Debug|x64.ActiveCfg = Debug|Any CPU
		{BE8C91B0-4DC5-4FEB-A745-AD66484E44C2}.Debug|x64.Build.0 = Debug|Any CPU
		{BE8C91B0-4DC5-4FEB-A745-AD66484E44C2}.Debug|x86.ActiveCfg = Debug|Any CPU
		{BE8C91B0-4DC5-4FEB-A745-AD66484E44C2}.Debug|x86.Build.0 = Debug|Any CPU
		{BE8C91B0-4DC5-4FEB-A745-AD66484E44C2}.Release|Any CPU.ActiveCfg = Release|Any CPU
		{BE8C91B0-4DC5-4FEB-A745-AD66484E44C2}.Release|Any CPU.Build.0 = Release|Any CPU
		{BE8C91B0-4DC5-4FEB-A745-AD66484E44C2}.Release|x64.ActiveCfg = Release|Any CPU
		{BE8C91B0-4DC5-4FEB-A745-AD66484E44C2}.Release|x64.Build.0 = Release|Any CPU
		{BE8C91B0-4DC5-4FEB-A745-AD66484E44C2}.Release|x86.ActiveCfg = Release|Any CPU
		{BE8C91B0-4DC5-4FEB-A745-AD66484E44C2}.Release|x86.Build.0 = Release|Any CPU
	EndGlobalSection
	GlobalSection(SolutionProperties) = preSolution
		HideSolutionNode = FALSE
	EndGlobalSection
	GlobalSection(NestedProjects) = preSolution
		{731588CA-E02D-4408-82E7-617DE9E9EE95} = {FD09484D-AC5E-4D53-BCC1-53E8339D5BEE}
		{6898EF4E-FF2E-4C38-A2C5-1910391E2087} = {FD09484D-AC5E-4D53-BCC1-53E8339D5BEE}
		{41AAEBE4-DD2B-457A-992F-999FBA9130C6} = {FD09484D-AC5E-4D53-BCC1-53E8339D5BEE}
		{92CEFB65-EE8C-4F58-9BAD-00AB6CA379FA} = {FD09484D-AC5E-4D53-BCC1-53E8339D5BEE}
		{9EE616AA-FD60-4472-AE06-8FA772CFBD5D} = {54716C54-E9CC-4F27-BD59-17BDAFF65CFF}
		{382B59D3-2B41-48A5-962D-BE828D3DFF8F} = {54716C54-E9CC-4F27-BD59-17BDAFF65CFF}
		{BE8C91B0-4DC5-4FEB-A745-AD66484E44C2} = {54716C54-E9CC-4F27-BD59-17BDAFF65CFF}
	EndGlobalSection
	GlobalSection(ExtensibilityGlobals) = postSolution
		SolutionGuid = {834752E9-E6F4-4214-8EBD-E717490CD543}
	EndGlobalSection
	GlobalSection(TeamFoundationVersionControl) = preSolution
		SccNumberOfProjects = 13
		SccEnterpriseProvider = {4CA58AB2-18FA-4F8D-95D4-32DDF27D184C}
		SccTeamFoundationServer = https://cleansharp.visualstudio.com/
		SccLocalPath0 = .
		SccProjectUniqueName1 = RefactorToParallel.Plugin\\RefactorToParallel.Plugin.csproj
		SccProjectName1 = RefactorToParallel.Plugin
		SccLocalPath1 = RefactorToParallel.Plugin
		SccProjectUniqueName2 = RefactorToParallel.Analysis\\RefactorToParallel.Analysis.csproj
		SccProjectName2 = RefactorToParallel.Analysis
		SccLocalPath2 = RefactorToParallel.Analysis
		SccProjectUniqueName3 = RefactorToParallel.Core\\RefactorToParallel.Core.csproj
		SccProjectName3 = RefactorToParallel.Core
		SccLocalPath3 = RefactorToParallel.Core
		SccProjectUniqueName4 = RefactorToParallel.Refactoring\\RefactorToParallel.Refactoring.csproj
		SccProjectName4 = RefactorToParallel.Refactoring
		SccLocalPath4 = RefactorToParallel.Refactoring
		SccProjectUniqueName5 = RefactorToParallel.Nuget\\RefactorToParallel.Nuget.csproj
		SccProjectName5 = RefactorToParallel.Nuget
		SccLocalPath5 = RefactorToParallel.Nuget
		SccProjectUniqueName6 = RefactorToParallel.Analysis.Test\\RefactorToParallel.Analysis.Test.csproj
		SccProjectTopLevelParentUniqueName6 = RefactorToParallel.sln
		SccProjectName6 = RefactorToParallel.Analysis.Test
		SccLocalPath6 = RefactorToParallel.Analysis.Test
		SccProjectUniqueName7 = RefactorToParallel.Refactoring.Test\\RefactorToParallel.Refactoring.Test.csproj
		SccProjectTopLevelParentUniqueName7 = RefactorToParallel.sln
		SccProjectName7 = RefactorToParallel.Refactoring.Test
		SccLocalPath7 = RefactorToParallel.Refactoring.Test
		SccProjectUniqueName8 = RefactorToParallel.Core.Test\\RefactorToParallel.Core.Test.csproj
		SccProjectTopLevelParentUniqueName8 = RefactorToParallel.sln
		SccProjectName8 = RefactorToParallel.Core.Test
		SccLocalPath8 = RefactorToParallel.Core.Test
		SccProjectUniqueName9 = RefactorToParallel.TestUtil\\RefactorToParallel.TestUtil.csproj
		SccProjectTopLevelParentUniqueName9 = RefactorToParallel.sln
		SccProjectName9 = RefactorToParallel.TestUtil
		SccLocalPath9 = RefactorToParallel.TestUtil
		SccProjectUniqueName10 = RefactorToParallel.Evaluation.ByFor\\RefactorToParallel.Evaluation.ByFor.csproj
		SccProjectTopLevelParentUniqueName10 = RefactorToParallel.sln
		SccProjectName10 = RefactorToParallel.Evaluation.ByFor
		SccLocalPath10 = RefactorToParallel.Evaluation.ByFor
		SccProjectUniqueName11 = RefactorToParallel.Evaluation.Common\\RefactorToParallel.Evaluation.Common.csproj
		SccProjectTopLevelParentUniqueName11 = RefactorToParallel.sln
		SccProjectName11 = RefactorToParallel.Evaluation.Common
		SccLocalPath11 = RefactorToParallel.Evaluation.Common
		SccProjectUniqueName12 = RefactorToParallel.Evaluation.ByParallelFor\\RefactorToParallel.Evaluation.ByParallelFor.csproj
		SccProjectTopLevelParentUniqueName12 = RefactorToParallel.sln
		SccProjectName12 = RefactorToParallel.Evaluation.ByParallelFor
		SccLocalPath12 = RefactorToParallel.Evaluation.ByParallelFor
	EndGlobalSection
EndGlobal
